// !$*UTF8*$!
{
	archiveVersion = 1;
	classes = {
	};
	objectVersion = 46;
	objects = {

/* Begin PBXBuildFile section */
		C0C90FD71E7657F900CA3A38 /* AVResult.swift in Sources */ = {isa = PBXBuildFile; fileRef = C0C90FD61E7657F900CA3A38 /* AVResult.swift */; };
		C0C90FD91E76583700CA3A38 /* TrainingExe5TableViewCell.swift in Sources */ = {isa = PBXBuildFile; fileRef = C0C90FD81E76583700CA3A38 /* TrainingExe5TableViewCell.swift */; };
		C0C90FDB1E76594A00CA3A38 /* TrainingExe5TableViewController.swift in Sources */ = {isa = PBXBuildFile; fileRef = C0C90FDA1E76594A00CA3A38 /* TrainingExe5TableViewController.swift */; };
		C0C90FE11E768FD600CA3A38 /* OddRowViewController.swift in Sources */ = {isa = PBXBuildFile; fileRef = C0C90FE01E768FD600CA3A38 /* OddRowViewController.swift */; };
		C0C90FE31E76932D00CA3A38 /* EvenRowViewController.swift in Sources */ = {isa = PBXBuildFile; fileRef = C0C90FE21E76932D00CA3A38 /* EvenRowViewController.swift */; };
		C0D988AD1E7655230099984F /* AppDelegate.swift in Sources */ = {isa = PBXBuildFile; fileRef = C0D988AC1E7655230099984F /* AppDelegate.swift */; };
		C0D988B21E7655230099984F /* Main.storyboard in Resources */ = {isa = PBXBuildFile; fileRef = C0D988B01E7655230099984F /* Main.storyboard */; };
		C0D988B41E7655230099984F /* Assets.xcassets in Resources */ = {isa = PBXBuildFile; fileRef = C0D988B31E7655230099984F /* Assets.xcassets */; };
		C0D988B71E7655230099984F /* LaunchScreen.storyboard in Resources */ = {isa = PBXBuildFile; fileRef = C0D988B51E7655230099984F /* LaunchScreen.storyboard */; };
/* End PBXBuildFile section */

/* Begin PBXFileReference section */
		C0C90FD61E7657F900CA3A38 /* AVResult.swift */ = {isa = PBXFileReference; fileEncoding = 4; lastKnownFileType = sourcecode.swift; path = AVResult.swift; sourceTree = "<group>"; };
		C0C90FD81E76583700CA3A38 /* TrainingExe5TableViewCell.swift */ = {isa = PBXFileReference; fileEncoding = 4; lastKnownFileType = sourcecode.swift; path = TrainingExe5TableViewCell.swift; sourceTree = "<group>"; };
		C0C90FDA1E76594A00CA3A38 /* TrainingExe5TableViewController.swift */ = {isa = PBXFileReference; fileEncoding = 4; lastKnownFileType = sourcecode.swift; path = TrainingExe5TableViewController.swift; sourceTree = "<group>"; };
		C0C90FE01E768FD600CA3A38 /* OddRowViewController.swift */ = {isa = PBXFileReference; fileEncoding = 4; lastKnownFileType = sourcecode.swift; path = OddRowViewController.swift; sourceTree = "<group>"; };
		C0C90FE21E76932D00CA3A38 /* EvenRowViewController.swift */ = {isa = PBXFileReference; fileEncoding = 4; lastKnownFileType = sourcecode.swift; path = EvenRowViewController.swift; sourceTree = "<group>"; };
		C0D988A91E7655230099984F /* TrainingExe5.app */ = {isa = PBXFileReference; explicitFileType = wrapper.application; includeInIndex = 0; path = TrainingExe5.app; sourceTree = BUILT_PRODUCTS_DIR; };
		C0D988AC1E7655230099984F /* AppDelegate.swift */ = {isa = PBXFileReference; lastKnownFileType = sourcecode.swift; path = AppDelegate.swift; sourceTree = "<group>"; };
		C0D988B11E7655230099984F /* Base */ = {isa = PBXFileReference; lastKnownFileType = file.storyboard; name = Base; path = Base.lproj/Main.storyboard; sourceTree = "<group>"; };
		C0D988B31E7655230099984F /* Assets.xcassets */ = {isa = PBXFileReference; lastKnownFileType = folder.assetcatalog; path = Assets.xcassets; sourceTree = "<group>"; };
		C0D988B61E7655230099984F /* Base */ = {isa = PBXFileReference; lastKnownFileType = file.storyboard; name = Base; path = Base.lproj/LaunchScreen.storyboard; sourceTree = "<group>"; };
		C0D988B81E7655230099984F /* Info.plist */ = {isa = PBXFileReference; lastKnownFileType = text.plist.xml; path = Info.plist; sourceTree = "<group>"; };
/* End PBXFileReference section */

/* Begin PBXFrameworksBuildPhase section */
		C0D988A61E7655230099984F /* Frameworks */ = {
			isa = PBXFrameworksBuildPhase;
			buildActionMask = 2147483647;
			files = (
			);
			runOnlyForDeploymentPostprocessing = 0;
		};
/* End PBXFrameworksBuildPhase section */

/* Begin PBXGroup section */
		C0D988A01E7655230099984F = {
			isa = PBXGroup;
			children = (
				C0D988AB1E7655230099984F /* TrainingExe5 */,
				C0D988AA1E7655230099984F /* Products */,
			);
			sourceTree = "<group>";
		};
		C0D988AA1E7655230099984F /* Products */ = {
			isa = PBXGroup;
			children = (
				C0D988A91E7655230099984F /* TrainingExe5.app */,
			);
			name = Products;
			sourceTree = "<group>";
		};
		C0D988AB1E7655230099984F /* TrainingExe5 */ = {
			isa = PBXGroup;
			children = (
				C0D988AC1E7655230099984F /* AppDelegate.swift */,
				C0D988B01E7655230099984F /* Main.storyboard */,
				C0D988B31E7655230099984F /* Assets.xcassets */,
				C0D988B51E7655230099984F /* LaunchScreen.storyboard */,
				C0D988B81E7655230099984F /* Info.plist */,
				C0C90FD61E7657F900CA3A38 /* AVResult.swift */,
				C0C90FD81E76583700CA3A38 /* TrainingExe5TableViewCell.swift */,
				C0C90FDA1E76594A00CA3A38 /* TrainingExe5TableViewController.swift */,
				C0C90FE01E768FD600CA3A38 /* OddRowViewController.swift */,
				C0C90FE21E76932D00CA3A38 /* EvenRowViewController.swift */,
			);
			path = TrainingExe5;
			sourceTree = "<group>";
		};
/* End PBXGroup section */

/* Begin PBXNativeTarget section */
		C0D988A81E7655230099984F /* TrainingExe5 */ = {
			isa = PBXNativeTarget;
			buildConfigurationList = C0D988BB1E7655230099984F /* Build configuration list for PBXNativeTarget "TrainingExe5" */;
			buildPhases = (
				C0D988A51E7655230099984F /* Sources */,
				C0D988A61E7655230099984F /* Frameworks */,
				C0D988A71E7655230099984F /* Resources */,
			);
			buildRules = (
			);
			dependencies = (
			);
			name = TrainingExe5;
			productName = TrainingExe5;
			productReference = C0D988A91E7655230099984F /* TrainingExe5.app */;
			productType = "com.apple.product-type.application";
		};
/* End PBXNativeTarget section */

/* Begin PBXProject section */
		C0D988A11E7655230099984F /* Project object */ = {
			isa = PBXProject;
			attributes = {
				LastSwiftUpdateCheck = 0820;
				LastUpgradeCheck = 0820;
				ORGANIZATIONNAME = "Thanh Doi";
				TargetAttributes = {
					C0D988A81E7655230099984F = {
						CreatedOnToolsVersion = 8.2.1;
						ProvisioningStyle = Automatic;
					};
				};
			};
			buildConfigurationList = C0D988A41E7655230099984F /* Build configuration list for PBXProject "TrainingExe5" */;
			compatibilityVersion = "Xcode 3.2";
			developmentRegion = English;
			hasScannedForEncodings = 0;
			knownRegions = (
				en,
				Base,
			);
			mainGroup = C0D988A01E7655230099984F;
			productRefGroup = C0D988AA1E7655230099984F /* Products */;
			projectDirPath = "";
			projectRoot = "";
			targets = (
				C0D988A81E7655230099984F /* TrainingExe5 */,
			);
		};
/* End PBXProject section */

/* Begin PBXResourcesBuildPhase section */
		C0D988A71E7655230099984F /* Resources */ = {
			isa = PBXResourcesBuildPhase;
			buildActionMask = 2147483647;
			files = (
				C0D988B71E7655230099984F /* LaunchScreen.storyboard in Resources */,
				C0D988B41E7655230099984F /* Assets.xcassets in Resources */,
				C0D988B21E7655230099984F /* Main.storyboard in Resources */,
			);
			runOnlyForDeploymentPostprocessing = 0;
		};
/* End PBXResourcesBuildPhase section */

/* Begin PBXSourcesBuildPhase section */
		C0D988A51E7655230099984F /* Sources */ = {
			isa = PBXSourcesBuildPhase;
			buildActionMask = 2147483647;
			files = (
				C0C90FD91E76583700CA3A38 /* TrainingExe5TableViewCell.swift in Sources */,
				C0D988AD1E7655230099984F /* AppDelegate.swift in Sources */,
				C0C90FE11E768FD600CA3A38 /* OddRowViewController.swift in Sources */,
				C0C90FDB1E76594A00CA3A38 /* TrainingExe5TableViewController.swift in Sources */,
				C0C90FD71E7657F900CA3A38 /* AVResult.swift in Sources */,
				C0C90FE31E76932D00CA3A38 /* EvenRowViewController.swift in Sources */,
			);
			runOnlyForDeploymentPostprocessing = 0;
		};
/* End PBXSourcesBuildPhase section */

/* Begin PBXVariantGroup section */
		C0D988B01E7655230099984F /* Main.storyboard */ = {
			isa = PBXVariantGroup;
			children = (
				C0D988B11E7655230099984F /* Base */,
			);
			name = Main.storyboard;
			sourceTree = "<group>";
		};
		C0D988B51E7655230099984F /* LaunchScreen.storyboard */ = {
			isa = PBXVariantGroup;
			children = (
				C0D988B61E7655230099984F /* Base */,
			);
			name = LaunchScreen.storyboard;
			sourceTree = "<group>";
		};
/* End PBXVariantGroup section */

/* Begin XCBuildConfiguration section */
		C0D988B91E7655230099984F /* Debug */ = {
			isa = XCBuildConfiguration;
			buildSettings = {
				ALWAYS_SEARCH_USER_PATHS = NO;
				CLANG_ANALYZER_NONNULL = YES;
				CLANG_CXX_LANGUAGE_STANDARD = "gnu++0x";
				CLANG_CXX_LIBRARY = "libc++";
				CLANG_ENABLE_MODULES = YES;
				CLANG_ENABLE_OBJC_ARC = YES;
				CLANG_WARN_BOOL_CONVERSION = YES;
				CLANG_WARN_CONSTANT_CONVERSION = YES;
				CLANG_WARN_DIRECT_OBJC_ISA_USAGE = YES_ERROR;
				CLANG_WARN_DOCUMENTATION_COMMENTS = YES;
				CLANG_WARN_EMPTY_BODY = YES;
				CLANG_WARN_ENUM_CONVERSION = YES;
				CLANG_WARN_INFINITE_RECURSION = YES;
				CLANG_WARN_INT_CONVERSION = YES;
				CLANG_WARN_OBJC_ROOT_CLASS = YES_ERROR;
				CLANG_WARN_SUSPICIOUS_MOVE = YES;
				CLANG_WARN_UNREACHABLE_CODE = YES;
				CLANG_WARN__DUPLICATE_METHOD_MATCH = YES;
				"CODE_SIGN_IDENTITY[sdk=iphoneos*]" = "iPhone Developer";
				COPY_PHASE_STRIP = NO;
				DEBUG_INFORMATION_FORMAT = dwarf;
				ENABLE_STRICT_OBJC_MSGSEND = YES;
				ENABLE_TESTABILITY = YES;
				GCC_C_LANGUAGE_STANDARD = gnu99;
				GCC_DYNAMIC_NO_PIC = NO;
				GCC_NO_COMMON_BLOCKS = YES;
				GCC_OPTIMIZATION_LEVEL = 0;
				GCC_PREPROCESSOR_DEFINITIONS = (
					"DEBUG=1",
					"$(inherited)",
				);
				GCC_WARN_64_TO_32_BIT_CONVERSION = YES;
				GCC_WARN_ABOUT_RETURN_TYPE = YES_ERROR;
				GCC_WARN_UNDECLARED_SELECTOR = YES;
				GCC_WARN_UNINITIALIZED_AUTOS = YES_AGGRESSIVE;
				GCC_WARN_UNUSED_FUNCTION = YES;
				GCC_WARN_UNUSED_VARIABLE = YES;
				IPHONEOS_DEPLOYMENT_TARGET = 10.2;
				MTL_ENABLE_DEBUG_INFO = YES;
				ONLY_ACTIVE_ARCH = YES;
				SDKROOT = iphoneos;
				SWIFT_ACTIVE_COMPILATION_CONDITIONS = DEBUG;
				SWIFT_OPTIMIZATION_LEVEL = "-Onone";
				TARGETED_DEVICE_FAMILY = "1,2";
			};
			name = Debug;
		};
		C0D988BA1E7655230099984F /* Release */ = {
			isa = XCBuildConfiguration;
			buildSettings = {
				ALWAYS_SEARCH_USER_PATHS = NO;
				CLANG_ANALYZER_NONNULL = YES;
				CLANG_CXX_LANGUAGE_STANDARD = "gnu++0x";
				CLANG_CXX_LIBRARY = "libc++";
				CLANG_ENABLE_MODULES = YES;
				CLANG_ENABLE_OBJC_ARC = YES;
				CLANG_WARN_BOOL_CONVERSION = YES;
				CLANG_WARN_CONSTANT_CONVERSION = YES;
				CLANG_WARN_DIRECT_OBJC_ISA_USAGE = YES_ERROR;
				CLANG_WARN_DOCUMENTATION_COMMENTS = YES;
				CLANG_WARN_EMPTY_BODY = YES;
				CLANG_WARN_ENUM_CONVERSION = YES;
				CLANG_WARN_INFINITE_RECURSION = YES;
				CLANG_WARN_INT_CONVERSION = YES;
				CLANG_WARN_OBJC_ROOT_CLASS = YES_ERROR;
				CLANG_WARN_SUSPICIOUS_MOVE = YES;
				CLANG_WARN_UNREACHABLE_CODE = YES;
				CLANG_WARN__DUPLICATE_METHOD_MATCH = YES;
				"CODE_SIGN_IDENTITY[sdk=iphoneos*]" = "iPhone Developer";
				COPY_PHASE_STRIP = NO;
				DEBUG_INFORMATION_FORMAT = "dwarf-with-dsym";
				ENABLE_NS_ASSERTIONS = NO;
				ENABLE_STRICT_OBJC_MSGSEND = YES;
				GCC_C_LANGUAGE_STANDARD = gnu99;
				GCC_NO_COMMON_BLOCKS = YES;
				GCC_WARN_64_TO_32_BIT_CONVERSION = YES;
				GCC_WARN_ABOUT_RETURN_TYPE = YES_ERROR;
				GCC_WARN_UNDECLARED_SELECTOR = YES;
				GCC_WARN_UNINITIALIZED_AUTOS = YES_AGGRESSIVE;
				GCC_WARN_UNUSED_FUNCTION = YES;
				GCC_WARN_UNUSED_VARIABLE = YES;
				IPHONEOS_DEPLOYMENT_TARGET = 10.2;
				MTL_ENABLE_DEBUG_INFO = NO;
				SDKROOT = iphoneos;
				SWIFT_OPTIMIZATION_LEVEL = "-Owholemodule";
				TARGETED_DEVICE_FAMILY = "1,2";
				VALIDATE_PRODUCT = YES;
			};
			name = Release;
		};
		C0D988BC1E7655230099984F /* Debug */ = {
			isa = XCBuildConfiguration;
			buildSettings = {
				ASSETCATALOG_COMPILER_APPICON_NAME = AppIcon;
				INFOPLIST_FILE = TrainingExe5/Info.plist;
				LD_RUNPATH_SEARCH_PATHS = "$(inherited) @executable_path/Frameworks";
				PRODUCT_BUNDLE_IDENTIFIER = "Thanh-Doi.TrainingExe5";
				PRODUCT_NAME = "$(TARGET_NAME)";
				SWIFT_VERSION = 3.0;
			};
			name = Debug;
		};
		C0D988BD1E7655230099984F /* Release */ = {
			isa = XCBuildConfiguration;
			buildSettings = {
				ASSETCATALOG_COMPILER_APPICON_NAME = AppIcon;
				INFOPLIST_FILE = TrainingExe5/Info.plist;
				LD_RUNPATH_SEARCH_PATHS = "$(inherited) @executable_path/Frameworks";
				PRODUCT_BUNDLE_IDENTIFIER = "Thanh-Doi.TrainingExe5";
				PRODUCT_NAME = "$(TARGET_NAME)";
				SWIFT_VERSION = 3.0;
			};
			name = Release;
		};
/* End XCBuildConfiguration section */

/* Begin XCConfigurationList section */
		C0D988A41E7655230099984F /* Build configuration list for PBXProject "TrainingExe5" */ = {
			isa = XCConfigurationList;
			buildConfigurations = (
				C0D988B91E7655230099984F /* Debug */,
				C0D988BA1E7655230099984F /* Release */,
			);
			defaultConfigurationIsVisible = 0;
			defaultConfigurationName = Release;
		};
		C0D988BB1E7655230099984F /* Build configuration list for PBXNativeTarget "TrainingExe5" */ = {
			isa = XCConfigurationList;
			buildConfigurations = (
				C0D988BC1E7655230099984F /* Debug */,
				C0D988BD1E7655230099984F /* Release */,
			);
			defaultConfigurationIsVisible = 0;
			defaultConfigurationName = Release;
		};
/* End XCConfigurationList section */
	};
	rootObject = C0D988A11E7655230099984F /* Project object */;
}
